
Microsoft Visual Studio Solution File, Format Version 12.00
# Visual Studio Version 16
VisualStudioVersion = 16.0.30114.105
MinimumVisualStudioVersion = 10.0.40219.1
Project("{FAE04EC0-301F-11D3-BF4B-00C04F79EFBC}") = "Calculator", "TDD\Calculator.csproj", "{C0379554-02ED-4197-B08C-822C6876B3BE}"
EndProject
Project("{FAE04EC0-301F-11D3-BF4B-00C04F79EFBC}") = "CalculatorTests", "CalculatorTests\CalculatorTests.csproj", "{3A49886D-15F3-480B-9C76-70FBCEFC1096}"
EndProject
Global
	GlobalSection(SolutionConfigurationPlatforms) = preSolution
		Debug|Any CPU = Debug|Any CPU
		Release|Any CPU = Release|Any CPU
	EndGlobalSection
	GlobalSection(ProjectConfigurationPlatforms) = postSolution
		{C0379554-02ED-4197-B08C-822C6876B3BE}.Debug|Any CPU.ActiveCfg = Debug|Any CPU
		{C0379554-02ED-4197-B08C-822C6876B3BE}.Debug|Any CPU.Build.0 = Debug|Any CPU
		{C0379554-02ED-4197-B08C-822C6876B3BE}.Release|Any CPU.ActiveCfg = Release|Any CPU
		{C0379554-02ED-4197-B08C-822C6876B3BE}.Release|Any CPU.Build.0 = Release|Any CPU
		{3A49886D-15F3-480B-9C76-70FBCEFC1096}.Debug|Any CPU.ActiveCfg = Debug|Any CPU
		{3A49886D-15F3-480B-9C76-70FBCEFC1096}.Debug|Any CPU.Build.0 = Debug|Any CPU
		{3A49886D-15F3-480B-9C76-70FBCEFC1096}.Release|Any CPU.ActiveCfg = Release|Any CPU
		{3A49886D-15F3-480B-9C76-70FBCEFC1096}.Release|Any CPU.Build.0 = Release|Any CPU
	EndGlobalSection
	GlobalSection(SolutionProperties) = preSolution
		HideSolutionNode = FALSE
	EndGlobalSection
	GlobalSection(ExtensibilityGlobals) = postSolution
		SolutionGuid = {B8F8A888-9671-425D-A5FA-F9F31A4B416A}
	EndGlobalSection
EndGlobal
